// !$*UTF8*$!
{
	archiveVersion = 1;
	classes = {
	};
	objectVersion = 50;
	objects = {

/* Begin PBXBuildFile section */
		8F7AA0C9242340B900F53DF1 /* AppDelegate.swift in Sources */ = {isa = PBXBuildFile; fileRef = 8F7AA0C8242340B900F53DF1 /* AppDelegate.swift */; };
		8F7AA0CB242340B900F53DF1 /* SceneDelegate.swift in Sources */ = {isa = PBXBuildFile; fileRef = 8F7AA0CA242340B900F53DF1 /* SceneDelegate.swift */; };
		8F7AA0CD242340B900F53DF1 /* ContentView.swift in Sources */ = {isa = PBXBuildFile; fileRef = 8F7AA0CC242340B900F53DF1 /* ContentView.swift */; };
		8F7AA0CF242340BA00F53DF1 /* Assets.xcassets in Resources */ = {isa = PBXBuildFile; fileRef = 8F7AA0CE242340BA00F53DF1 /* Assets.xcassets */; };
		8F7AA0D2242340BA00F53DF1 /* Preview Assets.xcassets in Resources */ = {isa = PBXBuildFile; fileRef = 8F7AA0D1242340BA00F53DF1 /* Preview Assets.xcassets */; };
		8F7AA0D5242340BA00F53DF1 /* LaunchScreen.storyboard in Resources */ = {isa = PBXBuildFile; fileRef = 8F7AA0D3242340BA00F53DF1 /* LaunchScreen.storyboard */; };
		8F7AA0E0242340BB00F53DF1 /* SwiftUiFormTests.swift in Sources */ = {isa = PBXBuildFile; fileRef = 8F7AA0DF242340BB00F53DF1 /* SwiftUiFormTests.swift */; };
		8F7AA0EB242340BB00F53DF1 /* SwiftUiFormUITests.swift in Sources */ = {isa = PBXBuildFile; fileRef = 8F7AA0EA242340BB00F53DF1 /* SwiftUiFormUITests.swift */; };
/* End PBXBuildFile section */

/* Begin PBXContainerItemProxy section */
		8F7AA0DC242340BB00F53DF1 /* PBXContainerItemProxy */ = {
			isa = PBXContainerItemProxy;
			containerPortal = 8F7AA0BD242340B900F53DF1 /* Project object */;
			proxyType = 1;
			remoteGlobalIDString = 8F7AA0C4242340B900F53DF1;
			remoteInfo = SwiftUiForm;
		};
		8F7AA0E7242340BB00F53DF1 /* PBXContainerItemProxy */ = {
			isa = PBXContainerItemProxy;
			containerPortal = 8F7AA0BD242340B900F53DF1 /* Project object */;
			proxyType = 1;
			remoteGlobalIDString = 8F7AA0C4242340B900F53DF1;
			remoteInfo = SwiftUiForm;
		};
/* End PBXContainerItemProxy section */

/* Begin PBXFileReference section */
		8F7AA0C5242340B900F53DF1 /* SwiftUiForm.app */ = {isa = PBXFileReference; explicitFileType = wrapper.application; includeInIndex = 0; path = SwiftUiForm.app; sourceTree = BUILT_PRODUCTS_DIR; };
		8F7AA0C8242340B900F53DF1 /* AppDelegate.swift */ = {isa = PBXFileReference; lastKnownFileType = sourcecode.swift; path = AppDelegate.swift; sourceTree = "<group>"; };
		8F7AA0CA242340B900F53DF1 /* SceneDelegate.swift */ = {isa = PBXFileReference; lastKnownFileType = sourcecode.swift; path = SceneDelegate.swift; sourceTree = "<group>"; };
		8F7AA0CC242340B900F53DF1 /* ContentView.swift */ = {isa = PBXFileReference; lastKnownFileType = sourcecode.swift; path = ContentView.swift; sourceTree = "<group>"; };
		8F7AA0CE242340BA00F53DF1 /* Assets.xcassets */ = {isa = PBXFileReference; lastKnownFileType = folder.assetcatalog; path = Assets.xcassets; sourceTree = "<group>"; };
		8F7AA0D1242340BA00F53DF1 /* Preview Assets.xcassets */ = {isa = PBXFileReference; lastKnownFileType = folder.assetcatalog; path = "Preview Assets.xcassets"; sourceTree = "<group>"; };
		8F7AA0D4242340BA00F53DF1 /* Base */ = {isa = PBXFileReference; lastKnownFileType = file.storyboard; name = Base; path = Base.lproj/LaunchScreen.storyboard; sourceTree = "<group>"; };
		8F7AA0D6242340BA00F53DF1 /* Info.plist */ = {isa = PBXFileReference; lastKnownFileType = text.plist.xml; path = Info.plist; sourceTree = "<group>"; };
		8F7AA0DB242340BB00F53DF1 /* SwiftUiFormTests.xctest */ = {isa = PBXFileReference; explicitFileType = wrapper.cfbundle; includeInIndex = 0; path = SwiftUiFormTests.xctest; sourceTree = BUILT_PRODUCTS_DIR; };
		8F7AA0DF242340BB00F53DF1 /* SwiftUiFormTests.swift */ = {isa = PBXFileReference; lastKnownFileType = sourcecode.swift; path = SwiftUiFormTests.swift; sourceTree = "<group>"; };
		8F7AA0E1242340BB00F53DF1 /* Info.plist */ = {isa = PBXFileReference; lastKnownFileType = text.plist.xml; path = Info.plist; sourceTree = "<group>"; };
		8F7AA0E6242340BB00F53DF1 /* SwiftUiFormUITests.xctest */ = {isa = PBXFileReference; explicitFileType = wrapper.cfbundle; includeInIndex = 0; path = SwiftUiFormUITests.xctest; sourceTree = BUILT_PRODUCTS_DIR; };
		8F7AA0EA242340BB00F53DF1 /* SwiftUiFormUITests.swift */ = {isa = PBXFileReference; lastKnownFileType = sourcecode.swift; path = SwiftUiFormUITests.swift; sourceTree = "<group>"; };
		8F7AA0EC242340BB00F53DF1 /* Info.plist */ = {isa = PBXFileReference; lastKnownFileType = text.plist.xml; path = Info.plist; sourceTree = "<group>"; };
/* End PBXFileReference section */

/* Begin PBXFrameworksBuildPhase section */
		8F7AA0C2242340B900F53DF1 /* Frameworks */ = {
			isa = PBXFrameworksBuildPhase;
			buildActionMask = 2147483647;
			files = (
			);
			runOnlyForDeploymentPostprocessing = 0;
		};
		8F7AA0D8242340BB00F53DF1 /* Frameworks */ = {
			isa = PBXFrameworksBuildPhase;
			buildActionMask = 2147483647;
			files = (
			);
			runOnlyForDeploymentPostprocessing = 0;
		};
		8F7AA0E3242340BB00F53DF1 /* Frameworks */ = {
			isa = PBXFrameworksBuildPhase;
			buildActionMask = 2147483647;
			files = (
			);
			runOnlyForDeploymentPostprocessing = 0;
		};
/* End PBXFrameworksBuildPhase section */

/* Begin PBXGroup section */
		8F7AA0BC242340B900F53DF1 = {
			isa = PBXGroup;
			children = (
				8F7AA0C7242340B900F53DF1 /* SwiftUiForm */,
				8F7AA0DE242340BB00F53DF1 /* SwiftUiFormTests */,
				8F7AA0E9242340BB00F53DF1 /* SwiftUiFormUITests */,
				8F7AA0C6242340B900F53DF1 /* Products */,
			);
			sourceTree = "<group>";
		};
		8F7AA0C6242340B900F53DF1 /* Products */ = {
			isa = PBXGroup;
			children = (
				8F7AA0C5242340B900F53DF1 /* SwiftUiForm.app */,
				8F7AA0DB242340BB00F53DF1 /* SwiftUiFormTests.xctest */,
				8F7AA0E6242340BB00F53DF1 /* SwiftUiFormUITests.xctest */,
			);
			name = Products;
			sourceTree = "<group>";
		};
		8F7AA0C7242340B900F53DF1 /* SwiftUiForm */ = {
			isa = PBXGroup;
			children = (
				8F7AA0C8242340B900F53DF1 /* AppDelegate.swift */,
				8F7AA0CA242340B900F53DF1 /* SceneDelegate.swift */,
				8F7AA0CC242340B900F53DF1 /* ContentView.swift */,
				8F7AA0CE242340BA00F53DF1 /* Assets.xcassets */,
				8F7AA0D3242340BA00F53DF1 /* LaunchScreen.storyboard */,
				8F7AA0D6242340BA00F53DF1 /* Info.plist */,
				8F7AA0D0242340BA00F53DF1 /* Preview Content */,
			);
			path = SwiftUiForm;
			sourceTree = "<group>";
		};
		8F7AA0D0242340BA00F53DF1 /* Preview Content */ = {
			isa = PBXGroup;
			children = (
				8F7AA0D1242340BA00F53DF1 /* Preview Assets.xcassets */,
			);
			path = "Preview Content";
			sourceTree = "<group>";
		};
		8F7AA0DE242340BB00F53DF1 /* SwiftUiFormTests */ = {
			isa = PBXGroup;
			children = (
				8F7AA0DF242340BB00F53DF1 /* SwiftUiFormTests.swift */,
				8F7AA0E1242340BB00F53DF1 /* Info.plist */,
			);
			path = SwiftUiFormTests;
			sourceTree = "<group>";
		};
		8F7AA0E9242340BB00F53DF1 /* SwiftUiFormUITests */ = {
			isa = PBXGroup;
			children = (
				8F7AA0EA242340BB00F53DF1 /* SwiftUiFormUITests.swift */,
				8F7AA0EC242340BB00F53DF1 /* Info.plist */,
			);
			path = SwiftUiFormUITests;
			sourceTree = "<group>";
		};
/* End PBXGroup section */

/* Begin PBXNativeTarget section */
		8F7AA0C4242340B900F53DF1 /* SwiftUiForm */ = {
			isa = PBXNativeTarget;
			buildConfigurationList = 8F7AA0EF242340BB00F53DF1 /* Build configuration list for PBXNativeTarget "SwiftUiForm" */;
			buildPhases = (
				8F7AA0C1242340B900F53DF1 /* Sources */,
				8F7AA0C2242340B900F53DF1 /* Frameworks */,
				8F7AA0C3242340B900F53DF1 /* Resources */,
			);
			buildRules = (
			);
			dependencies = (
			);
			name = SwiftUiForm;
			productName = SwiftUiForm;
			productReference = 8F7AA0C5242340B900F53DF1 /* SwiftUiForm.app */;
			productType = "com.apple.product-type.application";
		};
		8F7AA0DA242340BB00F53DF1 /* SwiftUiFormTests */ = {
			isa = PBXNativeTarget;
			buildConfigurationList = 8F7AA0F2242340BB00F53DF1 /* Build configuration list for PBXNativeTarget "SwiftUiFormTests" */;
			buildPhases = (
				8F7AA0D7242340BB00F53DF1 /* Sources */,
				8F7AA0D8242340BB00F53DF1 /* Frameworks */,
				8F7AA0D9242340BB00F53DF1 /* Resources */,
			);
			buildRules = (
			);
			dependencies = (
				8F7AA0DD242340BB00F53DF1 /* PBXTargetDependency */,
			);
			name = SwiftUiFormTests;
			productName = SwiftUiFormTests;
			productReference = 8F7AA0DB242340BB00F53DF1 /* SwiftUiFormTests.xctest */;
			productType = "com.apple.product-type.bundle.unit-test";
		};
		8F7AA0E5242340BB00F53DF1 /* SwiftUiFormUITests */ = {
			isa = PBXNativeTarget;
			buildConfigurationList = 8F7AA0F5242340BB00F53DF1 /* Build configuration list for PBXNativeTarget "SwiftUiFormUITests" */;
			buildPhases = (
				8F7AA0E2242340BB00F53DF1 /* Sources */,
				8F7AA0E3242340BB00F53DF1 /* Frameworks */,
				8F7AA0E4242340BB00F53DF1 /* Resources */,
			);
			buildRules = (
			);
			dependencies = (
				8F7AA0E8242340BB00F53DF1 /* PBXTargetDependency */,
			);
			name = SwiftUiFormUITests;
			productName = SwiftUiFormUITests;
			productReference = 8F7AA0E6242340BB00F53DF1 /* SwiftUiFormUITests.xctest */;
			productType = "com.apple.product-type.bundle.ui-testing";
		};
/* End PBXNativeTarget section */

/* Begin PBXProject section */
		8F7AA0BD242340B900F53DF1 /* Project object */ = {
			isa = PBXProject;
			attributes = {
				LastSwiftUpdateCheck = 1130;
				LastUpgradeCheck = 1130;
				ORGANIZATIONNAME = "Вадим Куйда";
				TargetAttributes = {
					8F7AA0C4242340B900F53DF1 = {
						CreatedOnToolsVersion = 11.3.1;
					};
					8F7AA0DA242340BB00F53DF1 = {
						CreatedOnToolsVersion = 11.3.1;
						TestTargetID = 8F7AA0C4242340B900F53DF1;
					};
					8F7AA0E5242340BB00F53DF1 = {
						CreatedOnToolsVersion = 11.3.1;
						TestTargetID = 8F7AA0C4242340B900F53DF1;
					};
				};
			};
			buildConfigurationList = 8F7AA0C0242340B900F53DF1 /* Build configuration list for PBXProject "SwiftUiForm" */;
			compatibilityVersion = "Xcode 9.3";
			developmentRegion = en;
			hasScannedForEncodings = 0;
			knownRegions = (
				en,
				Base,
			);
			mainGroup = 8F7AA0BC242340B900F53DF1;
			productRefGroup = 8F7AA0C6242340B900F53DF1 /* Products */;
			projectDirPath = "";
			projectRoot = "";
			targets = (
				8F7AA0C4242340B900F53DF1 /* SwiftUiForm */,
				8F7AA0DA242340BB00F53DF1 /* SwiftUiFormTests */,
				8F7AA0E5242340BB00F53DF1 /* SwiftUiFormUITests */,
			);
		};
/* End PBXProject section */

/* Begin PBXResourcesBuildPhase section */
		8F7AA0C3242340B900F53DF1 /* Resources */ = {
			isa = PBXResourcesBuildPhase;
			buildActionMask = 2147483647;
			files = (
				8F7AA0D5242340BA00F53DF1 /* LaunchScreen.storyboard in Resources */,
				8F7AA0D2242340BA00F53DF1 /* Preview Assets.xcassets in Resources */,
				8F7AA0CF242340BA00F53DF1 /* Assets.xcassets in Resources */,
			);
			runOnlyForDeploymentPostprocessing = 0;
		};
		8F7AA0D9242340BB00F53DF1 /* Resources */ = {
			isa = PBXResourcesBuildPhase;
			buildActionMask = 2147483647;
			files = (
			);
			runOnlyForDeploymentPostprocessing = 0;
		};
		8F7AA0E4242340BB00F53DF1 /* Resources */ = {
			isa = PBXResourcesBuildPhase;
			buildActionMask = 2147483647;
			files = (
			);
			runOnlyForDeploymentPostprocessing = 0;
		};
/* End PBXResourcesBuildPhase section */

/* Begin PBXSourcesBuildPhase section */
		8F7AA0C1242340B900F53DF1 /* Sources */ = {
			isa = PBXSourcesBuildPhase;
			buildActionMask = 2147483647;
			files = (
				8F7AA0C9242340B900F53DF1 /* AppDelegate.swift in Sources */,
				8F7AA0CB242340B900F53DF1 /* SceneDelegate.swift in Sources */,
				8F7AA0CD242340B900F53DF1 /* ContentView.swift in Sources */,
			);
			runOnlyForDeploymentPostprocessing = 0;
		};
		8F7AA0D7242340BB00F53DF1 /* Sources */ = {
			isa = PBXSourcesBuildPhase;
			buildActionMask = 2147483647;
			files = (
				8F7AA0E0242340BB00F53DF1 /* SwiftUiFormTests.swift in Sources */,
			);
			runOnlyForDeploymentPostprocessing = 0;
		};
		8F7AA0E2242340BB00F53DF1 /* Sources */ = {
			isa = PBXSourcesBuildPhase;
			buildActionMask = 2147483647;
			files = (
				8F7AA0EB242340BB00F53DF1 /* SwiftUiFormUITests.swift in Sources */,
			);
			runOnlyForDeploymentPostprocessing = 0;
		};
/* End PBXSourcesBuildPhase section */

/* Begin PBXTargetDependency section */
		8F7AA0DD242340BB00F53DF1 /* PBXTargetDependency */ = {
			isa = PBXTargetDependency;
			target = 8F7AA0C4242340B900F53DF1 /* SwiftUiForm */;
			targetProxy = 8F7AA0DC242340BB00F53DF1 /* PBXContainerItemProxy */;
		};
		8F7AA0E8242340BB00F53DF1 /* PBXTargetDependency */ = {
			isa = PBXTargetDependency;
			target = 8F7AA0C4242340B900F53DF1 /* SwiftUiForm */;
			targetProxy = 8F7AA0E7242340BB00F53DF1 /* PBXContainerItemProxy */;
		};
/* End PBXTargetDependency section */

/* Begin PBXVariantGroup section */
		8F7AA0D3242340BA00F53DF1 /* LaunchScreen.storyboard */ = {
			isa = PBXVariantGroup;
			children = (
				8F7AA0D4242340BA00F53DF1 /* Base */,
			);
			name = LaunchScreen.storyboard;
			sourceTree = "<group>";
		};
/* End PBXVariantGroup section */

/* Begin XCBuildConfiguration section */
		8F7AA0ED242340BB00F53DF1 /* Debug */ = {
			isa = XCBuildConfiguration;
			buildSettings = {
				ALWAYS_SEARCH_USER_PATHS = NO;
				CLANG_ANALYZER_NONNULL = YES;
				CLANG_ANALYZER_NUMBER_OBJECT_CONVERSION = YES_AGGRESSIVE;
				CLANG_CXX_LANGUAGE_STANDARD = "gnu++14";
				CLANG_CXX_LIBRARY = "libc++";
				CLANG_ENABLE_MODULES = YES;
				CLANG_ENABLE_OBJC_ARC = YES;
				CLANG_ENABLE_OBJC_WEAK = YES;
				CLANG_WARN_BLOCK_CAPTURE_AUTORELEASING = YES;
				CLANG_WARN_BOOL_CONVERSION = YES;
				CLANG_WARN_COMMA = YES;
				CLANG_WARN_CONSTANT_CONVERSION = YES;
				CLANG_WARN_DEPRECATED_OBJC_IMPLEMENTATIONS = YES;
				CLANG_WARN_DIRECT_OBJC_ISA_USAGE = YES_ERROR;
				CLANG_WARN_DOCUMENTATION_COMMENTS = YES;
				CLANG_WARN_EMPTY_BODY = YES;
				CLANG_WARN_ENUM_CONVERSION = YES;
				CLANG_WARN_INFINITE_RECURSION = YES;
				CLANG_WARN_INT_CONVERSION = YES;
				CLANG_WARN_NON_LITERAL_NULL_CONVERSION = YES;
				CLANG_WARN_OBJC_IMPLICIT_RETAIN_SELF = YES;
				CLANG_WARN_OBJC_LITERAL_CONVERSION = YES;
				CLANG_WARN_OBJC_ROOT_CLASS = YES_ERROR;
				CLANG_WARN_RANGE_LOOP_ANALYSIS = YES;
				CLANG_WARN_STRICT_PROTOTYPES = YES;
				CLANG_WARN_SUSPICIOUS_MOVE = YES;
				CLANG_WARN_UNGUARDED_AVAILABILITY = YES_AGGRESSIVE;
				CLANG_WARN_UNREACHABLE_CODE = YES;
				CLANG_WARN__DUPLICATE_METHOD_MATCH = YES;
				COPY_PHASE_STRIP = NO;
				DEBUG_INFORMATION_FORMAT = dwarf;
				ENABLE_STRICT_OBJC_MSGSEND = YES;
				ENABLE_TESTABILITY = YES;
				GCC_C_LANGUAGE_STANDARD = gnu11;
				GCC_DYNAMIC_NO_PIC = NO;
				GCC_NO_COMMON_BLOCKS = YES;
				GCC_OPTIMIZATION_LEVEL = 0;
				GCC_PREPROCESSOR_DEFINITIONS = (
					"DEBUG=1",
					"$(inherited)",
				);
				GCC_WARN_64_TO_32_BIT_CONVERSION = YES;
				GCC_WARN_ABOUT_RETURN_TYPE = YES_ERROR;
				GCC_WARN_UNDECLARED_SELECTOR = YES;
				GCC_WARN_UNINITIALIZED_AUTOS = YES_AGGRESSIVE;
				GCC_WARN_UNUSED_FUNCTION = YES;
				GCC_WARN_UNUSED_VARIABLE = YES;
				IPHONEOS_DEPLOYMENT_TARGET = 13.2;
				MTL_ENABLE_DEBUG_INFO = INCLUDE_SOURCE;
				MTL_FAST_MATH = YES;
				ONLY_ACTIVE_ARCH = YES;
				SDKROOT = iphoneos;
				SWIFT_ACTIVE_COMPILATION_CONDITIONS = DEBUG;
				SWIFT_OPTIMIZATION_LEVEL = "-Onone";
			};
			name = Debug;
		};
		8F7AA0EE242340BB00F53DF1 /* Release */ = {
			isa = XCBuildConfiguration;
			buildSettings = {
				ALWAYS_SEARCH_USER_PATHS = NO;
				CLANG_ANALYZER_NONNULL = YES;
				CLANG_ANALYZER_NUMBER_OBJECT_CONVERSION = YES_AGGRESSIVE;
				CLANG_CXX_LANGUAGE_STANDARD = "gnu++14";
				CLANG_CXX_LIBRARY = "libc++";
				CLANG_ENABLE_MODULES = YES;
				CLANG_ENABLE_OBJC_ARC = YES;
				CLANG_ENABLE_OBJC_WEAK = YES;
				CLANG_WARN_BLOCK_CAPTURE_AUTORELEASING = YES;
				CLANG_WARN_BOOL_CONVERSION = YES;
				CLANG_WARN_COMMA = YES;
				CLANG_WARN_CONSTANT_CONVERSION = YES;
				CLANG_WARN_DEPRECATED_OBJC_IMPLEMENTATIONS = YES;
				CLANG_WARN_DIRECT_OBJC_ISA_USAGE = YES_ERROR;
				CLANG_WARN_DOCUMENTATION_COMMENTS = YES;
				CLANG_WARN_EMPTY_BODY = YES;
				CLANG_WARN_ENUM_CONVERSION = YES;
				CLANG_WARN_INFINITE_RECURSION = YES;
				CLANG_WARN_INT_CONVERSION = YES;
				CLANG_WARN_NON_LITERAL_NULL_CONVERSION = YES;
				CLANG_WARN_OBJC_IMPLICIT_RETAIN_SELF = YES;
				CLANG_WARN_OBJC_LITERAL_CONVERSION = YES;
				CLANG_WARN_OBJC_ROOT_CLASS = YES_ERROR;
				CLANG_WARN_RANGE_LOOP_ANALYSIS = YES;
				CLANG_WARN_STRICT_PROTOTYPES = YES;
				CLANG_WARN_SUSPICIOUS_MOVE = YES;
				CLANG_WARN_UNGUARDED_AVAILABILITY = YES_AGGRESSIVE;
				CLANG_WARN_UNREACHABLE_CODE = YES;
				CLANG_WARN__DUPLICATE_METHOD_MATCH = YES;
				COPY_PHASE_STRIP = NO;
				DEBUG_INFORMATION_FORMAT = "dwarf-with-dsym";
				ENABLE_NS_ASSERTIONS = NO;
				ENABLE_STRICT_OBJC_MSGSEND = YES;
				GCC_C_LANGUAGE_STANDARD = gnu11;
				GCC_NO_COMMON_BLOCKS = YES;
				GCC_WARN_64_TO_32_BIT_CONVERSION = YES;
				GCC_WARN_ABOUT_RETURN_TYPE = YES_ERROR;
				GCC_WARN_UNDECLARED_SELECTOR = YES;
				GCC_WARN_UNINITIALIZED_AUTOS = YES_AGGRESSIVE;
				GCC_WARN_UNUSED_FUNCTION = YES;
				GCC_WARN_UNUSED_VARIABLE = YES;
				IPHONEOS_DEPLOYMENT_TARGET = 13.2;
				MTL_ENABLE_DEBUG_INFO = NO;
				MTL_FAST_MATH = YES;
				SDKROOT = iphoneos;
				SWIFT_COMPILATION_MODE = wholemodule;
				SWIFT_OPTIMIZATION_LEVEL = "-O";
				VALIDATE_PRODUCT = YES;
			};
			name = Release;
		};
		8F7AA0F0242340BB00F53DF1 /* Debug */ = {
			isa = XCBuildConfiguration;
			buildSettings = {
				ASSETCATALOG_COMPILER_APPICON_NAME = AppIcon;
				CODE_SIGN_STYLE = Automatic;
				DEVELOPMENT_ASSET_PATHS = "\"SwiftUiForm/Preview Content\"";
				DEVELOPMENT_TEAM = AXG6YGJW76;
				ENABLE_PREVIEWS = YES;
				INFOPLIST_FILE = SwiftUiForm/Info.plist;
				LD_RUNPATH_SEARCH_PATHS = (
					"$(inherited)",
					"@executable_path/Frameworks",
				);
				PRODUCT_BUNDLE_IDENTIFIER = corp.office.SwiftUiForm;
				PRODUCT_NAME = "$(TARGET_NAME)";
				SWIFT_VERSION = 5.0;
				TARGETED_DEVICE_FAMILY = "1,2";
			};
			name = Debug;
		};
		8F7AA0F1242340BB00F53DF1 /* Release */ = {
			isa = XCBuildConfiguration;
			buildSettings = {
				ASSETCATALOG_COMPILER_APPICON_NAME = AppIcon;
				CODE_SIGN_STYLE = Automatic;
				DEVELOPMENT_ASSET_PATHS = "\"SwiftUiForm/Preview Content\"";
				DEVELOPMENT_TEAM = AXG6YGJW76;
				ENABLE_PREVIEWS = YES;
				INFOPLIST_FILE = SwiftUiForm/Info.plist;
				LD_RUNPATH_SEARCH_PATHS = (
					"$(inherited)",
					"@executable_path/Frameworks",
				);
				PRODUCT_BUNDLE_IDENTIFIER = corp.office.SwiftUiForm;
				PRODUCT_NAME = "$(TARGET_NAME)";
				SWIFT_VERSION = 5.0;
				TARGETED_DEVICE_FAMILY = "1,2";
			};
			name = Release;
		};
		8F7AA0F3242340BB00F53DF1 /* Debug */ = {
			isa = XCBuildConfiguration;
			buildSettings = {
				ALWAYS_EMBED_SWIFT_STANDARD_LIBRARIES = YES;
				BUNDLE_LOADER = "$(TEST_HOST)";
				CODE_SIGN_STYLE = Automatic;
				DEVELOPMENT_TEAM = AXG6YGJW76;
				INFOPLIST_FILE = SwiftUiFormTests/Info.plist;
				IPHONEOS_DEPLOYMENT_TARGET = 13.2;
				LD_RUNPATH_SEARCH_PATHS = (
					"$(inherited)",
					"@executable_path/Frameworks",
					"@loader_path/Frameworks",
				);
				PRODUCT_BUNDLE_IDENTIFIER = corp.office.SwiftUiFormTests;
				PRODUCT_NAME = "$(TARGET_NAME)";
				SWIFT_VERSION = 5.0;
				TARGETED_DEVICE_FAMILY = "1,2";
				TEST_HOST = "$(BUILT_PRODUCTS_DIR)/SwiftUiForm.app/SwiftUiForm";
			};
			name = Debug;
		};
		8F7AA0F4242340BB00F53DF1 /* Release */ = {
			isa = XCBuildConfiguration;
			buildSettings = {
				ALWAYS_EMBED_SWIFT_STANDARD_LIBRARIES = YES;
				BUNDLE_LOADER = "$(TEST_HOST)";
				CODE_SIGN_STYLE = Automatic;
				DEVELOPMENT_TEAM = AXG6YGJW76;
				INFOPLIST_FILE = SwiftUiFormTests/Info.plist;
				IPHONEOS_DEPLOYMENT_TARGET = 13.2;
				LD_RUNPATH_SEARCH_PATHS = (
					"$(inherited)",
					"@executable_path/Frameworks",
					"@loader_path/Frameworks",
				);
				PRODUCT_BUNDLE_IDENTIFIER = corp.office.SwiftUiFormTests;
				PRODUCT_NAME = "$(TARGET_NAME)";
				SWIFT_VERSION = 5.0;
				TARGETED_DEVICE_FAMILY = "1,2";
				TEST_HOST = "$(BUILT_PRODUCTS_DIR)/SwiftUiForm.app/SwiftUiForm";
			};
			name = Release;
		};
		8F7AA0F6242340BB00F53DF1 /* Debug */ = {
			isa = XCBuildConfiguration;
			buildSettings = {
				ALWAYS_EMBED_SWIFT_STANDARD_LIBRARIES = YES;
				CODE_SIGN_STYLE = Automatic;
				DEVELOPMENT_TEAM = AXG6YGJW76;
				INFOPLIST_FILE = SwiftUiFormUITests/Info.plist;
				LD_RUNPATH_SEARCH_PATHS = (
					"$(inherited)",
					"@executable_path/Frameworks",
					"@loader_path/Frameworks",
				);
				PRODUCT_BUNDLE_IDENTIFIER = corp.office.SwiftUiFormUITests;
				PRODUCT_NAME = "$(TARGET_NAME)";
				SWIFT_VERSION = 5.0;
				TARGETED_DEVICE_FAMILY = "1,2";
				TEST_TARGET_NAME = SwiftUiForm;
			};
			name = Debug;
		};
		8F7AA0F7242340BB00F53DF1 /* Release */ = {
			isa = XCBuildConfiguration;
			buildSettings = {
				ALWAYS_EMBED_SWIFT_STANDARD_LIBRARIES = YES;
				CODE_SIGN_STYLE = Automatic;
				DEVELOPMENT_TEAM = AXG6YGJW76;
				INFOPLIST_FILE = SwiftUiFormUITests/Info.plist;
				LD_RUNPATH_SEARCH_PATHS = (
					"$(inherited)",
					"@executable_path/Frameworks",
					"@loader_path/Frameworks",
				);
				PRODUCT_BUNDLE_IDENTIFIER = corp.office.SwiftUiFormUITests;
				PRODUCT_NAME = "$(TARGET_NAME)";
				SWIFT_VERSION = 5.0;
				TARGETED_DEVICE_FAMILY = "1,2";
				TEST_TARGET_NAME = SwiftUiForm;
			};
			name = Release;
		};
/* End XCBuildConfiguration section */

/* Begin XCConfigurationList section */
		8F7AA0C0242340B900F53DF1 /* Build configuration list for PBXProject "SwiftUiForm" */ = {
			isa = XCConfigurationList;
			buildConfigurations = (
				8F7AA0ED242340BB00F53DF1 /* Debug */,
				8F7AA0EE242340BB00F53DF1 /* Release */,
			);
			defaultConfigurationIsVisible = 0;
			defaultConfigurationName = Release;
		};
		8F7AA0EF242340BB00F53DF1 /* Build configuration list for PBXNativeTarget "SwiftUiForm" */ = {
			isa = XCConfigurationList;
			buildConfigurations = (
				8F7AA0F0242340BB00F53DF1 /* Debug */,
				8F7AA0F1242340BB00F53DF1 /* Release */,
			);
			defaultConfigurationIsVisible = 0;
			defaultConfigurationName = Release;
		};
		8F7AA0F2242340BB00F53DF1 /* Build configuration list for PBXNativeTarget "SwiftUiFormTests" */ = {
			isa = XCConfigurationList;
			buildConfigurations = (
				8F7AA0F3242340BB00F53DF1 /* Debug */,
				8F7AA0F4242340BB00F53DF1 /* Release */,
			);
			defaultConfigurationIsVisible = 0;
			defaultConfigurationName = Release;
		};
		8F7AA0F5242340BB00F53DF1 /* Build configuration list for PBXNativeTarget "SwiftUiFormUITests" */ = {
			isa = XCConfigurationList;
			buildConfigurations = (
				8F7AA0F6242340BB00F53DF1 /* Debug */,
				8F7AA0F7242340BB00F53DF1 /* Release */,
			);
			defaultConfigurationIsVisible = 0;
			defaultConfigurationName = Release;
		};
/* End XCConfigurationList section */
	};
	rootObject = 8F7AA0BD242340B900F53DF1 /* Project object */;
}
